
Microsoft Visual Studio Solution File, Format Version 12.00
# Visual Studio Version 16
VisualStudioVersion = 16.0.30128.74
MinimumVisualStudioVersion = 10.0.40219.1
Project("{FAE04EC0-301F-11D3-BF4B-00C04F79EFBC}") = "ConsoleApp1Classes", "ConsoleApp1Classes\ConsoleApp1Classes.csproj", "{AC9BFFCB-23B1-422A-90BC-C9A8A1F118CF}"
EndProject
Project("{FAE04EC0-301F-11D3-BF4B-00C04F79EFBC}") = "WindowsApp2Asteroids", "WindowsApp2Asteroids\WindowsApp2Asteroids.csproj", "{654F8BFB-1C46-4EF2-A3E6-5FE02007B254}"
EndProject
Global
	GlobalSection(SolutionConfigurationPlatforms) = preSolution
		Debug|Any CPU = Debug|Any CPU
		Release|Any CPU = Release|Any CPU
	EndGlobalSection
	GlobalSection(ProjectConfigurationPlatforms) = postSolution
		{AC9BFFCB-23B1-422A-90BC-C9A8A1F118CF}.Debug|Any CPU.ActiveCfg = Debug|Any CPU
		{AC9BFFCB-23B1-422A-90BC-C9A8A1F118CF}.Debug|Any CPU.Build.0 = Debug|Any CPU
		{AC9BFFCB-23B1-422A-90BC-C9A8A1F118CF}.Release|Any CPU.ActiveCfg = Release|Any CPU
		{AC9BFFCB-23B1-422A-90BC-C9A8A1F118CF}.Release|Any CPU.Build.0 = Release|Any CPU
		{654F8BFB-1C46-4EF2-A3E6-5FE02007B254}.Debug|Any CPU.ActiveCfg = Debug|Any CPU
		{654F8BFB-1C46-4EF2-A3E6-5FE02007B254}.Debug|Any CPU.Build.0 = Debug|Any CPU
		{654F8BFB-1C46-4EF2-A3E6-5FE02007B254}.Release|Any CPU.ActiveCfg = Release|Any CPU
		{654F8BFB-1C46-4EF2-A3E6-5FE02007B254}.Release|Any CPU.Build.0 = Release|Any CPU
	EndGlobalSection
	GlobalSection(SolutionProperties) = preSolution
		HideSolutionNode = FALSE
	EndGlobalSection
	GlobalSection(ExtensibilityGlobals) = postSolution
		SolutionGuid = {A437138D-DD84-4027-BA72-717CB4CF0D20}
	EndGlobalSection
EndGlobal
