
Microsoft Visual Studio Solution File, Format Version 12.00
# Visual Studio Version 16
VisualStudioVersion = 16.0.30114.105
MinimumVisualStudioVersion = 10.0.40219.1
Project("{FAE04EC0-301F-11D3-BF4B-00C04F79EFBC}") = "WindowsApp1Asteroids", "WindowsApp1Asteroids\WindowsApp1Asteroids.csproj", "{52EFADD5-FA0A-42DA-987A-0E5FC037203A}"
EndProject
Global
	GlobalSection(SolutionConfigurationPlatforms) = preSolution
		Debug|Any CPU = Debug|Any CPU
		Release|Any CPU = Release|Any CPU
	EndGlobalSection
	GlobalSection(ProjectConfigurationPlatforms) = postSolution
		{52EFADD5-FA0A-42DA-987A-0E5FC037203A}.Debug|Any CPU.ActiveCfg = Debug|Any CPU
		{52EFADD5-FA0A-42DA-987A-0E5FC037203A}.Debug|Any CPU.Build.0 = Debug|Any CPU
		{52EFADD5-FA0A-42DA-987A-0E5FC037203A}.Release|Any CPU.ActiveCfg = Release|Any CPU
		{52EFADD5-FA0A-42DA-987A-0E5FC037203A}.Release|Any CPU.Build.0 = Release|Any CPU
	EndGlobalSection
	GlobalSection(SolutionProperties) = preSolution
		HideSolutionNode = FALSE
	EndGlobalSection
	GlobalSection(ExtensibilityGlobals) = postSolution
		SolutionGuid = {C48F034A-2816-4942-A16C-2064040EEA06}
	EndGlobalSection
EndGlobal
