
Microsoft Visual Studio Solution File, Format Version 12.00
# Visual Studio Version 16
VisualStudioVersion = 16.0.30204.135
MinimumVisualStudioVersion = 10.0.40219.1
Project("{FAE04EC0-301F-11D3-BF4B-00C04F79EFBC}") = "WpfApp1Client", "WpfApp1Client\WpfApp1Client.csproj", "{B6BCF2D2-B205-4963-92E3-E1FCABAF2FA8}"
EndProject
Project("{FAE04EC0-301F-11D3-BF4B-00C04F79EFBC}") = "WebApplication1", "WebApplication1\WebApplication1.csproj", "{A416ABB1-8E1C-4711-B943-49E79D38AD82}"
EndProject
Global
	GlobalSection(SolutionConfigurationPlatforms) = preSolution
		Debug|Any CPU = Debug|Any CPU
		Release|Any CPU = Release|Any CPU
	EndGlobalSection
	GlobalSection(ProjectConfigurationPlatforms) = postSolution
		{B6BCF2D2-B205-4963-92E3-E1FCABAF2FA8}.Debug|Any CPU.ActiveCfg = Debug|Any CPU
		{B6BCF2D2-B205-4963-92E3-E1FCABAF2FA8}.Debug|Any CPU.Build.0 = Debug|Any CPU
		{B6BCF2D2-B205-4963-92E3-E1FCABAF2FA8}.Release|Any CPU.ActiveCfg = Release|Any CPU
		{B6BCF2D2-B205-4963-92E3-E1FCABAF2FA8}.Release|Any CPU.Build.0 = Release|Any CPU
		{A416ABB1-8E1C-4711-B943-49E79D38AD82}.Debug|Any CPU.ActiveCfg = Debug|Any CPU
		{A416ABB1-8E1C-4711-B943-49E79D38AD82}.Debug|Any CPU.Build.0 = Debug|Any CPU
		{A416ABB1-8E1C-4711-B943-49E79D38AD82}.Release|Any CPU.ActiveCfg = Release|Any CPU
		{A416ABB1-8E1C-4711-B943-49E79D38AD82}.Release|Any CPU.Build.0 = Release|Any CPU
	EndGlobalSection
	GlobalSection(SolutionProperties) = preSolution
		HideSolutionNode = FALSE
	EndGlobalSection
	GlobalSection(ExtensibilityGlobals) = postSolution
		SolutionGuid = {BE57AE06-468B-45AA-BFEF-875168BDBC7B}
	EndGlobalSection
EndGlobal
